
Microsoft Visual Studio Solution File, Format Version 12.00
# Visual Studio Version 16
VisualStudioVersion = 16.0.29728.190
MinimumVisualStudioVersion = 10.0.40219.1
Project("{9A19103F-16F7-4668-BE54-9A1E7A4F7556}") = "MercadoCore", "MercadoCore\MercadoCore.csproj", "{4050100D-B956-4E83-A9A6-FF6EBA24259F}"
EndProject
Project("{9A19103F-16F7-4668-BE54-9A1E7A4F7556}") = "MercadoApplication", "MercadoApplication\MercadoApplication.csproj", "{114F778F-648A-406E-8894-15E72D7FBBB1}"
EndProject
Project("{9A19103F-16F7-4668-BE54-9A1E7A4F7556}") = "MercadoPersistency", "MercadoPersistency\MercadoPersistency.csproj", "{E3750EA5-AFF3-4C0A-A0A7-F9A134B80F30}"
EndProject
Project("{9A19103F-16F7-4668-BE54-9A1E7A4F7556}") = "MercadoInfrastructure", "MercadoInfrastructure\MercadoInfrastructure.csproj", "{4BB1E55D-E615-4E1E-BACF-E765CF0495E7}"
EndProject
Project("{9A19103F-16F7-4668-BE54-9A1E7A4F7556}") = "MercadoWeb", "MercadoWeb\MercadoWeb.csproj", "{6100784F-2727-4944-B526-CD95D0E33E79}"
EndProject
Global
	GlobalSection(SolutionConfigurationPlatforms) = preSolution
		Debug|Any CPU = Debug|Any CPU
		Release|Any CPU = Release|Any CPU
	EndGlobalSection
	GlobalSection(ProjectConfigurationPlatforms) = postSolution
		{4050100D-B956-4E83-A9A6-FF6EBA24259F}.Debug|Any CPU.ActiveCfg = Debug|Any CPU
		{4050100D-B956-4E83-A9A6-FF6EBA24259F}.Debug|Any CPU.Build.0 = Debug|Any CPU
		{4050100D-B956-4E83-A9A6-FF6EBA24259F}.Release|Any CPU.ActiveCfg = Debug|Any CPU
		{4050100D-B956-4E83-A9A6-FF6EBA24259F}.Release|Any CPU.Build.0 = Debug|Any CPU
		{114F778F-648A-406E-8894-15E72D7FBBB1}.Debug|Any CPU.ActiveCfg = Debug|Any CPU
		{114F778F-648A-406E-8894-15E72D7FBBB1}.Debug|Any CPU.Build.0 = Debug|Any CPU
		{114F778F-648A-406E-8894-15E72D7FBBB1}.Release|Any CPU.ActiveCfg = Debug|Any CPU
		{114F778F-648A-406E-8894-15E72D7FBBB1}.Release|Any CPU.Build.0 = Debug|Any CPU
		{E3750EA5-AFF3-4C0A-A0A7-F9A134B80F30}.Debug|Any CPU.ActiveCfg = Debug|Any CPU
		{E3750EA5-AFF3-4C0A-A0A7-F9A134B80F30}.Debug|Any CPU.Build.0 = Debug|Any CPU
		{E3750EA5-AFF3-4C0A-A0A7-F9A134B80F30}.Release|Any CPU.ActiveCfg = Debug|Any CPU
		{E3750EA5-AFF3-4C0A-A0A7-F9A134B80F30}.Release|Any CPU.Build.0 = Debug|Any CPU
		{4BB1E55D-E615-4E1E-BACF-E765CF0495E7}.Debug|Any CPU.ActiveCfg = Debug|Any CPU
		{4BB1E55D-E615-4E1E-BACF-E765CF0495E7}.Debug|Any CPU.Build.0 = Debug|Any CPU
		{4BB1E55D-E615-4E1E-BACF-E765CF0495E7}.Release|Any CPU.ActiveCfg = Release|Any CPU
		{4BB1E55D-E615-4E1E-BACF-E765CF0495E7}.Release|Any CPU.Build.0 = Release|Any CPU
		{6100784F-2727-4944-B526-CD95D0E33E79}.Debug|Any CPU.ActiveCfg = Debug|Any CPU
		{6100784F-2727-4944-B526-CD95D0E33E79}.Debug|Any CPU.Build.0 = Debug|Any CPU
		{6100784F-2727-4944-B526-CD95D0E33E79}.Release|Any CPU.ActiveCfg = Release|Any CPU
		{6100784F-2727-4944-B526-CD95D0E33E79}.Release|Any CPU.Build.0 = Release|Any CPU
	EndGlobalSection
	GlobalSection(SolutionProperties) = preSolution
		HideSolutionNode = FALSE
	EndGlobalSection
	GlobalSection(ExtensibilityGlobals) = postSolution
		SolutionGuid = {FC422B65-C367-4C96-B142-67EEAFC2AB9E}
	EndGlobalSection
EndGlobal
